
Microsoft Visual Studio Solution File, Format Version 12.00
# Visual Studio Version 17
VisualStudioVersion = 17.10.34928.147
MinimumVisualStudioVersion = 10.0.40219.1
Project("{9A19103F-16F7-4668-BE54-9A1E7A4F7556}") = "DOAN0107.Module", "DOAN0107.Module\DOAN0107.Module.csproj", "{555D5B4E-FB8D-4F99-9591-EBBF95F873E0}"
EndProject
Project("{9A19103F-16F7-4668-BE54-9A1E7A4F7556}") = "DOAN0107.Blazor.Server", "DOAN0107.Blazor.Server\DOAN0107.Blazor.Server.csproj", "{ECA7AAD9-E290-4DEC-8809-BEFD4855B759}"
EndProject
Global
	GlobalSection(SolutionConfigurationPlatforms) = preSolution
		Debug|Any CPU = Debug|Any CPU
		EasyTest|Any CPU = EasyTest|Any CPU
		Release|Any CPU = Release|Any CPU
	EndGlobalSection
	GlobalSection(ProjectConfigurationPlatforms) = postSolution
		{555D5B4E-FB8D-4F99-9591-EBBF95F873E0}.Debug|Any CPU.ActiveCfg = Debug|Any CPU
		{555D5B4E-FB8D-4F99-9591-EBBF95F873E0}.Debug|Any CPU.Build.0 = Debug|Any CPU
		{555D5B4E-FB8D-4F99-9591-EBBF95F873E0}.EasyTest|Any CPU.ActiveCfg = EasyTest|Any CPU
		{555D5B4E-FB8D-4F99-9591-EBBF95F873E0}.EasyTest|Any CPU.Build.0 = EasyTest|Any CPU
		{555D5B4E-FB8D-4F99-9591-EBBF95F873E0}.Release|Any CPU.ActiveCfg = Release|Any CPU
		{555D5B4E-FB8D-4F99-9591-EBBF95F873E0}.Release|Any CPU.Build.0 = Release|Any CPU
		{ECA7AAD9-E290-4DEC-8809-BEFD4855B759}.Debug|Any CPU.ActiveCfg = Debug|Any CPU
		{ECA7AAD9-E290-4DEC-8809-BEFD4855B759}.Debug|Any CPU.Build.0 = Debug|Any CPU
		{ECA7AAD9-E290-4DEC-8809-BEFD4855B759}.EasyTest|Any CPU.ActiveCfg = EasyTest|Any CPU
		{ECA7AAD9-E290-4DEC-8809-BEFD4855B759}.EasyTest|Any CPU.Build.0 = EasyTest|Any CPU
		{ECA7AAD9-E290-4DEC-8809-BEFD4855B759}.Release|Any CPU.ActiveCfg = Release|Any CPU
		{ECA7AAD9-E290-4DEC-8809-BEFD4855B759}.Release|Any CPU.Build.0 = Release|Any CPU
	EndGlobalSection
	GlobalSection(SolutionProperties) = preSolution
		HideSolutionNode = FALSE
	EndGlobalSection
	GlobalSection(ExtensibilityGlobals) = postSolution
		SolutionGuid = {6388DCE6-FC7E-4C7E-AEB2-2E2B12A2E7CC}
	EndGlobalSection
EndGlobal
